{
  "name": "frontend",
  "version": "0.1.0",
  "lockfileVersion": 1,
  "requires": true,
  "dependencies": {
    "pnpm": {
      "version": "5.14.2",
      "resolved": "https://registry.npmjs.org/pnpm/-/pnpm-5.14.2.tgz",
      "integrity": "sha512-X/Ya3VWMfAkH7+kxPsqHVTq4y6VHsnUpwXV7w1GjvGfIxscTFhZmhA7O4xPhAvsxBWMg86aGL9ER8bkgbWelAw=="
    }
  }
}
